// !$*UTF8*$!
{
	archiveVersion = 1;
	classes = {
	};
	objectVersion = 55;
	objects = {

/* Begin PBXBuildFile section */
		D862EC01284A1BB2001A2E50 /* AppDelegate.swift in Sources */ = {isa = PBXBuildFile; fileRef = D862EC00284A1BB2001A2E50 /* AppDelegate.swift */; };
		D862EC03284A1BB2001A2E50 /* SceneDelegate.swift in Sources */ = {isa = PBXBuildFile; fileRef = D862EC02284A1BB2001A2E50 /* SceneDelegate.swift */; };
		D862EC05284A1BB2001A2E50 /* MainViewController.swift in Sources */ = {isa = PBXBuildFile; fileRef = D862EC04284A1BB2001A2E50 /* MainViewController.swift */; };
		D862EC0A284A1BB5001A2E50 /* Assets.xcassets in Resources */ = {isa = PBXBuildFile; fileRef = D862EC09284A1BB5001A2E50 /* Assets.xcassets */; };
		D862EC0D284A1BB5001A2E50 /* LaunchScreen.storyboard in Resources */ = {isa = PBXBuildFile; fileRef = D862EC0B284A1BB5001A2E50 /* LaunchScreen.storyboard */; };
		D862EC1B284A1D37001A2E50 /* MainCollectionView.swift in Sources */ = {isa = PBXBuildFile; fileRef = D862EC1A284A1D37001A2E50 /* MainCollectionView.swift */; };
		D862EC1E284A1D79001A2E50 /* MainCollectionViewCell.swift in Sources */ = {isa = PBXBuildFile; fileRef = D862EC1D284A1D79001A2E50 /* MainCollectionViewCell.swift */; };
		D8914B1D284A7B2600575D28 /* CardModel.swift in Sources */ = {isa = PBXBuildFile; fileRef = D8914B1C284A7B2600575D28 /* CardModel.swift */; };
		D8914B1F284A7BD900575D28 /* GameModel.swift in Sources */ = {isa = PBXBuildFile; fileRef = D8914B1E284A7BD900575D28 /* GameModel.swift */; };
/* End PBXBuildFile section */

/* Begin PBXFileReference section */
		D862EBFD284A1BB2001A2E50 /* Memory.app */ = {isa = PBXFileReference; explicitFileType = wrapper.application; includeInIndex = 0; path = Memory.app; sourceTree = BUILT_PRODUCTS_DIR; };
		D862EC00284A1BB2001A2E50 /* AppDelegate.swift */ = {isa = PBXFileReference; lastKnownFileType = sourcecode.swift; path = AppDelegate.swift; sourceTree = "<group>"; };
		D862EC02284A1BB2001A2E50 /* SceneDelegate.swift */ = {isa = PBXFileReference; lastKnownFileType = sourcecode.swift; path = SceneDelegate.swift; sourceTree = "<group>"; };
		D862EC04284A1BB2001A2E50 /* MainViewController.swift */ = {isa = PBXFileReference; lastKnownFileType = sourcecode.swift; path = MainViewController.swift; sourceTree = "<group>"; };
		D862EC09284A1BB5001A2E50 /* Assets.xcassets */ = {isa = PBXFileReference; lastKnownFileType = folder.assetcatalog; path = Assets.xcassets; sourceTree = "<group>"; };
		D862EC0C284A1BB5001A2E50 /* Base */ = {isa = PBXFileReference; lastKnownFileType = file.storyboard; name = Base; path = Base.lproj/LaunchScreen.storyboard; sourceTree = "<group>"; };
		D862EC0E284A1BB5001A2E50 /* Info.plist */ = {isa = PBXFileReference; lastKnownFileType = text.plist.xml; path = Info.plist; sourceTree = "<group>"; };
		D862EC1A284A1D37001A2E50 /* MainCollectionView.swift */ = {isa = PBXFileReference; lastKnownFileType = sourcecode.swift; path = MainCollectionView.swift; sourceTree = "<group>"; };
		D862EC1D284A1D79001A2E50 /* MainCollectionViewCell.swift */ = {isa = PBXFileReference; lastKnownFileType = sourcecode.swift; path = MainCollectionViewCell.swift; sourceTree = "<group>"; };
		D8914B1C284A7B2600575D28 /* CardModel.swift */ = {isa = PBXFileReference; lastKnownFileType = sourcecode.swift; path = CardModel.swift; sourceTree = "<group>"; };
		D8914B1E284A7BD900575D28 /* GameModel.swift */ = {isa = PBXFileReference; lastKnownFileType = sourcecode.swift; path = GameModel.swift; sourceTree = "<group>"; };
/* End PBXFileReference section */

/* Begin PBXFrameworksBuildPhase section */
		D862EBFA284A1BB2001A2E50 /* Frameworks */ = {
			isa = PBXFrameworksBuildPhase;
			buildActionMask = 2147483647;
			files = (
			);
			runOnlyForDeploymentPostprocessing = 0;
		};
/* End PBXFrameworksBuildPhase section */

/* Begin PBXGroup section */
		D862EBF4284A1BB2001A2E50 = {
			isa = PBXGroup;
			children = (
				D862EBFF284A1BB2001A2E50 /* Memory */,
				D862EBFE284A1BB2001A2E50 /* Products */,
			);
			sourceTree = "<group>";
		};
		D862EBFE284A1BB2001A2E50 /* Products */ = {
			isa = PBXGroup;
			children = (
				D862EBFD284A1BB2001A2E50 /* Memory.app */,
			);
			name = Products;
			sourceTree = "<group>";
		};
		D862EBFF284A1BB2001A2E50 /* Memory */ = {
			isa = PBXGroup;
			children = (
				D862EC14284A1BC5001A2E50 /* Application */,
				D862EC19284A1C94001A2E50 /* MainModule */,
				D862EC15284A1BD0001A2E50 /* Resources */,
			);
			path = Memory;
			sourceTree = "<group>";
		};
		D862EC14284A1BC5001A2E50 /* Application */ = {
			isa = PBXGroup;
			children = (
				D862EC00284A1BB2001A2E50 /* AppDelegate.swift */,
				D862EC02284A1BB2001A2E50 /* SceneDelegate.swift */,
			);
			path = Application;
			sourceTree = "<group>";
		};
		D862EC15284A1BD0001A2E50 /* Resources */ = {
			isa = PBXGroup;
			children = (
				D862EC09284A1BB5001A2E50 /* Assets.xcassets */,
				D862EC0B284A1BB5001A2E50 /* LaunchScreen.storyboard */,
				D862EC0E284A1BB5001A2E50 /* Info.plist */,
			);
			path = Resources;
			sourceTree = "<group>";
		};
		D862EC16284A1C6F001A2E50 /* Model */ = {
			isa = PBXGroup;
			children = (
				D8914B1C284A7B2600575D28 /* CardModel.swift */,
				D8914B1E284A7BD900575D28 /* GameModel.swift */,
			);
			path = Model;
			sourceTree = "<group>";
		};
		D862EC17284A1C77001A2E50 /* View */ = {
			isa = PBXGroup;
			children = (
				D862EC1C284A1D68001A2E50 /* Cells */,
				D862EC1A284A1D37001A2E50 /* MainCollectionView.swift */,
			);
			path = View;
			sourceTree = "<group>";
		};
		D862EC18284A1C7D001A2E50 /* Controller */ = {
			isa = PBXGroup;
			children = (
				D862EC04284A1BB2001A2E50 /* MainViewController.swift */,
			);
			path = Controller;
			sourceTree = "<group>";
		};
		D862EC19284A1C94001A2E50 /* MainModule */ = {
			isa = PBXGroup;
			children = (
				D862EC16284A1C6F001A2E50 /* Model */,
				D862EC17284A1C77001A2E50 /* View */,
				D862EC18284A1C7D001A2E50 /* Controller */,
			);
			path = MainModule;
			sourceTree = "<group>";
		};
		D862EC1C284A1D68001A2E50 /* Cells */ = {
			isa = PBXGroup;
			children = (
				D862EC1D284A1D79001A2E50 /* MainCollectionViewCell.swift */,
			);
			path = Cells;
			sourceTree = "<group>";
		};
/* End PBXGroup section */

/* Begin PBXNativeTarget section */
		D862EBFC284A1BB2001A2E50 /* Memory */ = {
			isa = PBXNativeTarget;
			buildConfigurationList = D862EC11284A1BB5001A2E50 /* Build configuration list for PBXNativeTarget "Memory" */;
			buildPhases = (
				D862EBF9284A1BB2001A2E50 /* Sources */,
				D862EBFA284A1BB2001A2E50 /* Frameworks */,
				D862EBFB284A1BB2001A2E50 /* Resources */,
			);
			buildRules = (
			);
			dependencies = (
			);
			name = Memory;
			productName = MVC;
			productReference = D862EBFD284A1BB2001A2E50 /* Memory.app */;
			productType = "com.apple.product-type.application";
		};
/* End PBXNativeTarget section */

/* Begin PBXProject section */
		D862EBF5284A1BB2001A2E50 /* Project object */ = {
			isa = PBXProject;
			attributes = {
				BuildIndependentTargetsInParallel = 1;
				LastSwiftUpdateCheck = 1340;
				LastUpgradeCheck = 1340;
				TargetAttributes = {
					D862EBFC284A1BB2001A2E50 = {
						CreatedOnToolsVersion = 13.4;
					};
				};
			};
			buildConfigurationList = D862EBF8284A1BB2001A2E50 /* Build configuration list for PBXProject "Memory" */;
			compatibilityVersion = "Xcode 13.0";
			developmentRegion = en;
			hasScannedForEncodings = 0;
			knownRegions = (
				en,
				Base,
			);
			mainGroup = D862EBF4284A1BB2001A2E50;
			productRefGroup = D862EBFE284A1BB2001A2E50 /* Products */;
			projectDirPath = "";
			projectRoot = "";
			targets = (
				D862EBFC284A1BB2001A2E50 /* Memory */,
			);
		};
/* End PBXProject section */

/* Begin PBXResourcesBuildPhase section */
		D862EBFB284A1BB2001A2E50 /* Resources */ = {
			isa = PBXResourcesBuildPhase;
			buildActionMask = 2147483647;
			files = (
				D862EC0D284A1BB5001A2E50 /* LaunchScreen.storyboard in Resources */,
				D862EC0A284A1BB5001A2E50 /* Assets.xcassets in Resources */,
			);
			runOnlyForDeploymentPostprocessing = 0;
		};
/* End PBXResourcesBuildPhase section */

/* Begin PBXSourcesBuildPhase section */
		D862EBF9284A1BB2001A2E50 /* Sources */ = {
			isa = PBXSourcesBuildPhase;
			buildActionMask = 2147483647;
			files = (
				D862EC05284A1BB2001A2E50 /* MainViewController.swift in Sources */,
				D862EC01284A1BB2001A2E50 /* AppDelegate.swift in Sources */,
				D862EC1E284A1D79001A2E50 /* MainCollectionViewCell.swift in Sources */,
				D862EC03284A1BB2001A2E50 /* SceneDelegate.swift in Sources */,
				D862EC1B284A1D37001A2E50 /* MainCollectionView.swift in Sources */,
				D8914B1F284A7BD900575D28 /* GameModel.swift in Sources */,
				D8914B1D284A7B2600575D28 /* CardModel.swift in Sources */,
			);
			runOnlyForDeploymentPostprocessing = 0;
		};
/* End PBXSourcesBuildPhase section */

/* Begin PBXVariantGroup section */
		D862EC0B284A1BB5001A2E50 /* LaunchScreen.storyboard */ = {
			isa = PBXVariantGroup;
			children = (
				D862EC0C284A1BB5001A2E50 /* Base */,
			);
			name = LaunchScreen.storyboard;
			sourceTree = "<group>";
		};
/* End PBXVariantGroup section */

/* Begin XCBuildConfiguration section */
		D862EC0F284A1BB5001A2E50 /* Debug */ = {
			isa = XCBuildConfiguration;
			buildSettings = {
				ALWAYS_SEARCH_USER_PATHS = NO;
				CLANG_ANALYZER_NONNULL = YES;
				CLANG_ANALYZER_NUMBER_OBJECT_CONVERSION = YES_AGGRESSIVE;
				CLANG_CXX_LANGUAGE_STANDARD = "gnu++17";
				CLANG_ENABLE_MODULES = YES;
				CLANG_ENABLE_OBJC_ARC = YES;
				CLANG_ENABLE_OBJC_WEAK = YES;
				CLANG_WARN_BLOCK_CAPTURE_AUTORELEASING = YES;
				CLANG_WARN_BOOL_CONVERSION = YES;
				CLANG_WARN_COMMA = YES;
				CLANG_WARN_CONSTANT_CONVERSION = YES;
				CLANG_WARN_DEPRECATED_OBJC_IMPLEMENTATIONS = YES;
				CLANG_WARN_DIRECT_OBJC_ISA_USAGE = YES_ERROR;
				CLANG_WARN_DOCUMENTATION_COMMENTS = YES;
				CLANG_WARN_EMPTY_BODY = YES;
				CLANG_WARN_ENUM_CONVERSION = YES;
				CLANG_WARN_INFINITE_RECURSION = YES;
				CLANG_WARN_INT_CONVERSION = YES;
				CLANG_WARN_NON_LITERAL_NULL_CONVERSION = YES;
				CLANG_WARN_OBJC_IMPLICIT_RETAIN_SELF = YES;
				CLANG_WARN_OBJC_LITERAL_CONVERSION = YES;
				CLANG_WARN_OBJC_ROOT_CLASS = YES_ERROR;
				CLANG_WARN_QUOTED_INCLUDE_IN_FRAMEWORK_HEADER = YES;
				CLANG_WARN_RANGE_LOOP_ANALYSIS = YES;
				CLANG_WARN_STRICT_PROTOTYPES = YES;
				CLANG_WARN_SUSPICIOUS_MOVE = YES;
				CLANG_WARN_UNGUARDED_AVAILABILITY = YES_AGGRESSIVE;
				CLANG_WARN_UNREACHABLE_CODE = YES;
				CLANG_WARN__DUPLICATE_METHOD_MATCH = YES;
				COPY_PHASE_STRIP = NO;
				DEBUG_INFORMATION_FORMAT = dwarf;
				ENABLE_STRICT_OBJC_MSGSEND = YES;
				ENABLE_TESTABILITY = YES;
				GCC_C_LANGUAGE_STANDARD = gnu11;
				GCC_DYNAMIC_NO_PIC = NO;
				GCC_NO_COMMON_BLOCKS = YES;
				GCC_OPTIMIZATION_LEVEL = 0;
				GCC_PREPROCESSOR_DEFINITIONS = (
					"DEBUG=1",
					"$(inherited)",
				);
				GCC_WARN_64_TO_32_BIT_CONVERSION = YES;
				GCC_WARN_ABOUT_RETURN_TYPE = YES_ERROR;
				GCC_WARN_UNDECLARED_SELECTOR = YES;
				GCC_WARN_UNINITIALIZED_AUTOS = YES_AGGRESSIVE;
				GCC_WARN_UNUSED_FUNCTION = YES;
				GCC_WARN_UNUSED_VARIABLE = YES;
				IPHONEOS_DEPLOYMENT_TARGET = 15.5;
				MTL_ENABLE_DEBUG_INFO = INCLUDE_SOURCE;
				MTL_FAST_MATH = YES;
				ONLY_ACTIVE_ARCH = YES;
				SDKROOT = iphoneos;
				SWIFT_ACTIVE_COMPILATION_CONDITIONS = DEBUG;
				SWIFT_OPTIMIZATION_LEVEL = "-Onone";
			};
			name = Debug;
		};
		D862EC10284A1BB5001A2E50 /* Release */ = {
			isa = XCBuildConfiguration;
			buildSettings = {
				ALWAYS_SEARCH_USER_PATHS = NO;
				CLANG_ANALYZER_NONNULL = YES;
				CLANG_ANALYZER_NUMBER_OBJECT_CONVERSION = YES_AGGRESSIVE;
				CLANG_CXX_LANGUAGE_STANDARD = "gnu++17";
				CLANG_ENABLE_MODULES = YES;
				CLANG_ENABLE_OBJC_ARC = YES;
				CLANG_ENABLE_OBJC_WEAK = YES;
				CLANG_WARN_BLOCK_CAPTURE_AUTORELEASING = YES;
				CLANG_WARN_BOOL_CONVERSION = YES;
				CLANG_WARN_COMMA = YES;
				CLANG_WARN_CONSTANT_CONVERSION = YES;
				CLANG_WARN_DEPRECATED_OBJC_IMPLEMENTATIONS = YES;
				CLANG_WARN_DIRECT_OBJC_ISA_USAGE = YES_ERROR;
				CLANG_WARN_DOCUMENTATION_COMMENTS = YES;
				CLANG_WARN_EMPTY_BODY = YES;
				CLANG_WARN_ENUM_CONVERSION = YES;
				CLANG_WARN_INFINITE_RECURSION = YES;
				CLANG_WARN_INT_CONVERSION = YES;
				CLANG_WARN_NON_LITERAL_NULL_CONVERSION = YES;
				CLANG_WARN_OBJC_IMPLICIT_RETAIN_SELF = YES;
				CLANG_WARN_OBJC_LITERAL_CONVERSION = YES;
				CLANG_WARN_OBJC_ROOT_CLASS = YES_ERROR;
				CLANG_WARN_QUOTED_INCLUDE_IN_FRAMEWORK_HEADER = YES;
				CLANG_WARN_RANGE_LOOP_ANALYSIS = YES;
				CLANG_WARN_STRICT_PROTOTYPES = YES;
				CLANG_WARN_SUSPICIOUS_MOVE = YES;
				CLANG_WARN_UNGUARDED_AVAILABILITY = YES_AGGRESSIVE;
				CLANG_WARN_UNREACHABLE_CODE = YES;
				CLANG_WARN__DUPLICATE_METHOD_MATCH = YES;
				COPY_PHASE_STRIP = NO;
				DEBUG_INFORMATION_FORMAT = "dwarf-with-dsym";
				ENABLE_NS_ASSERTIONS = NO;
				ENABLE_STRICT_OBJC_MSGSEND = YES;
				GCC_C_LANGUAGE_STANDARD = gnu11;
				GCC_NO_COMMON_BLOCKS = YES;
				GCC_WARN_64_TO_32_BIT_CONVERSION = YES;
				GCC_WARN_ABOUT_RETURN_TYPE = YES_ERROR;
				GCC_WARN_UNDECLARED_SELECTOR = YES;
				GCC_WARN_UNINITIALIZED_AUTOS = YES_AGGRESSIVE;
				GCC_WARN_UNUSED_FUNCTION = YES;
				GCC_WARN_UNUSED_VARIABLE = YES;
				IPHONEOS_DEPLOYMENT_TARGET = 15.5;
				MTL_ENABLE_DEBUG_INFO = NO;
				MTL_FAST_MATH = YES;
				SDKROOT = iphoneos;
				SWIFT_COMPILATION_MODE = wholemodule;
				SWIFT_OPTIMIZATION_LEVEL = "-O";
				VALIDATE_PRODUCT = YES;
			};
			name = Release;
		};
		D862EC12284A1BB5001A2E50 /* Debug */ = {
			isa = XCBuildConfiguration;
			buildSettings = {
				ASSETCATALOG_COMPILER_APPICON_NAME = AppIcon;
				ASSETCATALOG_COMPILER_GLOBAL_ACCENT_COLOR_NAME = AccentColor;
				CODE_SIGN_STYLE = Automatic;
				CURRENT_PROJECT_VERSION = 1;
				DEVELOPMENT_TEAM = GFXMVZ7W43;
				GENERATE_INFOPLIST_FILE = YES;
				INFOPLIST_FILE = Memory/Resources/Info.plist;
				INFOPLIST_KEY_UIApplicationSupportsIndirectInputEvents = YES;
				INFOPLIST_KEY_UILaunchStoryboardName = LaunchScreen;
				INFOPLIST_KEY_UISupportedInterfaceOrientations = UIInterfaceOrientationPortrait;
				INFOPLIST_KEY_UISupportedInterfaceOrientations_iPad = "UIInterfaceOrientationPortrait UIInterfaceOrientationPortraitUpsideDown UIInterfaceOrientationLandscapeLeft UIInterfaceOrientationLandscapeRight";
				INFOPLIST_KEY_UISupportedInterfaceOrientations_iPhone = "UIInterfaceOrientationPortrait UIInterfaceOrientationLandscapeLeft UIInterfaceOrientationLandscapeRight";
				LD_RUNPATH_SEARCH_PATHS = (
					"$(inherited)",
					"@executable_path/Frameworks",
				);
				MARKETING_VERSION = 1.0;
				PRODUCT_BUNDLE_IDENTIFIER = com.homeMade.Memory;
				PRODUCT_NAME = "$(TARGET_NAME)";
				SWIFT_EMIT_LOC_STRINGS = YES;
				SWIFT_VERSION = 5.0;
				TARGETED_DEVICE_FAMILY = 1;
			};
			name = Debug;
		};
		D862EC13284A1BB5001A2E50 /* Release */ = {
			isa = XCBuildConfiguration;
			buildSettings = {
				ASSETCATALOG_COMPILER_APPICON_NAME = AppIcon;
				ASSETCATALOG_COMPILER_GLOBAL_ACCENT_COLOR_NAME = AccentColor;
				CODE_SIGN_STYLE = Automatic;
				CURRENT_PROJECT_VERSION = 1;
				DEVELOPMENT_TEAM = GFXMVZ7W43;
				GENERATE_INFOPLIST_FILE = YES;
				INFOPLIST_FILE = Memory/Resources/Info.plist;
				INFOPLIST_KEY_UIApplicationSupportsIndirectInputEvents = YES;
				INFOPLIST_KEY_UILaunchStoryboardName = LaunchScreen;
				INFOPLIST_KEY_UISupportedInterfaceOrientations = UIInterfaceOrientationPortrait;
				INFOPLIST_KEY_UISupportedInterfaceOrientations_iPad = "UIInterfaceOrientationPortrait UIInterfaceOrientationPortraitUpsideDown UIInterfaceOrientationLandscapeLeft UIInterfaceOrientationLandscapeRight";
				INFOPLIST_KEY_UISupportedInterfaceOrientations_iPhone = "UIInterfaceOrientationPortrait UIInterfaceOrientationLandscapeLeft UIInterfaceOrientationLandscapeRight";
				LD_RUNPATH_SEARCH_PATHS = (
					"$(inherited)",
					"@executable_path/Frameworks",
				);
				MARKETING_VERSION = 1.0;
				PRODUCT_BUNDLE_IDENTIFIER = com.homeMade.Memory;
				PRODUCT_NAME = "$(TARGET_NAME)";
				SWIFT_EMIT_LOC_STRINGS = YES;
				SWIFT_VERSION = 5.0;
				TARGETED_DEVICE_FAMILY = 1;
			};
			name = Release;
		};
/* End XCBuildConfiguration section */

/* Begin XCConfigurationList section */
		D862EBF8284A1BB2001A2E50 /* Build configuration list for PBXProject "Memory" */ = {
			isa = XCConfigurationList;
			buildConfigurations = (
				D862EC0F284A1BB5001A2E50 /* Debug */,
				D862EC10284A1BB5001A2E50 /* Release */,
			);
			defaultConfigurationIsVisible = 0;
			defaultConfigurationName = Release;
		};
		D862EC11284A1BB5001A2E50 /* Build configuration list for PBXNativeTarget "Memory" */ = {
			isa = XCConfigurationList;
			buildConfigurations = (
				D862EC12284A1BB5001A2E50 /* Debug */,
				D862EC13284A1BB5001A2E50 /* Release */,
			);
			defaultConfigurationIsVisible = 0;
			defaultConfigurationName = Release;
		};
/* End XCConfigurationList section */
	};
	rootObject = D862EBF5284A1BB2001A2E50 /* Project object */;
}
